
Microsoft Visual Studio Solution File, Format Version 12.00
# Visual Studio Version 17
VisualStudioVersion = 17.13.35931.197 d17.13
MinimumVisualStudioVersion = 10.0.40219.1
Project("{FAE04EC0-301F-11D3-BF4B-00C04F79EFBC}") = "LocadoraDeCarrosAPI", "LocadoraDeCarrosAPI\LocadoraDeCarrosAPI.csproj", "{1E2E2E59-D666-4564-BCA4-C64531E3C31C}"
EndProject
Global
	GlobalSection(SolutionConfigurationPlatforms) = preSolution
		Debug|Any CPU = Debug|Any CPU
		Release|Any CPU = Release|Any CPU
	EndGlobalSection
	GlobalSection(ProjectConfigurationPlatforms) = postSolution
		{1E2E2E59-D666-4564-BCA4-C64531E3C31C}.Debug|Any CPU.ActiveCfg = Debug|Any CPU
		{1E2E2E59-D666-4564-BCA4-C64531E3C31C}.Debug|Any CPU.Build.0 = Debug|Any CPU
		{1E2E2E59-D666-4564-BCA4-C64531E3C31C}.Release|Any CPU.ActiveCfg = Release|Any CPU
		{1E2E2E59-D666-4564-BCA4-C64531E3C31C}.Release|Any CPU.Build.0 = Release|Any CPU
	EndGlobalSection
	GlobalSection(SolutionProperties) = preSolution
		HideSolutionNode = FALSE
	EndGlobalSection
	GlobalSection(ExtensibilityGlobals) = postSolution
		SolutionGuid = {E4678E36-3260-4D89-B476-F2113906874C}
	EndGlobalSection
EndGlobal
